
Microsoft Visual Studio Solution File, Format Version 12.00
# Visual Studio Version 16
VisualStudioVersion = 16.0.31005.135
MinimumVisualStudioVersion = 10.0.40219.1
Project("{FAE04EC0-301F-11D3-BF4B-00C04F79EFBC}") = "guessMyAge", "guessMyAge\guessMyAge.csproj", "{A58D0681-A22C-4033-B3CD-F0DF2EECEE97}"
EndProject
Global
	GlobalSection(SolutionConfigurationPlatforms) = preSolution
		Debug|Any CPU = Debug|Any CPU
		Release|Any CPU = Release|Any CPU
	EndGlobalSection
	GlobalSection(ProjectConfigurationPlatforms) = postSolution
		{A58D0681-A22C-4033-B3CD-F0DF2EECEE97}.Debug|Any CPU.ActiveCfg = Debug|Any CPU
		{A58D0681-A22C-4033-B3CD-F0DF2EECEE97}.Debug|Any CPU.Build.0 = Debug|Any CPU
		{A58D0681-A22C-4033-B3CD-F0DF2EECEE97}.Release|Any CPU.ActiveCfg = Release|Any CPU
		{A58D0681-A22C-4033-B3CD-F0DF2EECEE97}.Release|Any CPU.Build.0 = Release|Any CPU
	EndGlobalSection
	GlobalSection(SolutionProperties) = preSolution
		HideSolutionNode = FALSE
	EndGlobalSection
	GlobalSection(ExtensibilityGlobals) = postSolution
		SolutionGuid = {BF46B7EE-A3E7-4329-B06E-77172907A784}
	EndGlobalSection
EndGlobal
