
Microsoft Visual Studio Solution File, Format Version 12.00
# Visual Studio Version 16
VisualStudioVersion = 16.0.31105.61
MinimumVisualStudioVersion = 10.0.40219.1
Project("{FAE04EC0-301F-11D3-BF4B-00C04F79EFBC}") = "ConstructApp", "..\..\..\..\source\repos\ConstructApp\ConstructApp\ConstructApp.csproj", "{B26F56C8-BEBC-4FFB-AF45-2C54FC954BBA}"
EndProject
Global
	GlobalSection(SolutionConfigurationPlatforms) = preSolution
		Debug|Any CPU = Debug|Any CPU
		Release|Any CPU = Release|Any CPU
	EndGlobalSection
	GlobalSection(ProjectConfigurationPlatforms) = postSolution
		{B26F56C8-BEBC-4FFB-AF45-2C54FC954BBA}.Debug|Any CPU.ActiveCfg = Debug|Any CPU
		{B26F56C8-BEBC-4FFB-AF45-2C54FC954BBA}.Debug|Any CPU.Build.0 = Debug|Any CPU
		{B26F56C8-BEBC-4FFB-AF45-2C54FC954BBA}.Release|Any CPU.ActiveCfg = Release|Any CPU
		{B26F56C8-BEBC-4FFB-AF45-2C54FC954BBA}.Release|Any CPU.Build.0 = Release|Any CPU
	EndGlobalSection
	GlobalSection(SolutionProperties) = preSolution
		HideSolutionNode = FALSE
	EndGlobalSection
	GlobalSection(ExtensibilityGlobals) = postSolution
		SolutionGuid = {3A3BADFC-2860-4D22-BA9A-9728CDEDC61F}
	EndGlobalSection
EndGlobal
