
Microsoft Visual Studio Solution File, Format Version 12.00
# Visual Studio Version 16
VisualStudioVersion = 16.0.31105.61
MinimumVisualStudioVersion = 10.0.40219.1
Project("{FAE04EC0-301F-11D3-BF4B-00C04F79EFBC}") = "LogText", "LogText\LogText.csproj", "{4BB4F6F6-8279-44CE-9FF0-4BC63550020F}"
EndProject
Global
	GlobalSection(SolutionConfigurationPlatforms) = preSolution
		Debug|Any CPU = Debug|Any CPU
		Release|Any CPU = Release|Any CPU
	EndGlobalSection
	GlobalSection(ProjectConfigurationPlatforms) = postSolution
		{4BB4F6F6-8279-44CE-9FF0-4BC63550020F}.Debug|Any CPU.ActiveCfg = Debug|Any CPU
		{4BB4F6F6-8279-44CE-9FF0-4BC63550020F}.Debug|Any CPU.Build.0 = Debug|Any CPU
		{4BB4F6F6-8279-44CE-9FF0-4BC63550020F}.Release|Any CPU.ActiveCfg = Release|Any CPU
		{4BB4F6F6-8279-44CE-9FF0-4BC63550020F}.Release|Any CPU.Build.0 = Release|Any CPU
	EndGlobalSection
	GlobalSection(SolutionProperties) = preSolution
		HideSolutionNode = FALSE
	EndGlobalSection
	GlobalSection(ExtensibilityGlobals) = postSolution
		SolutionGuid = {AA04ACEC-4C51-4625-9601-CB33701DE55D}
	EndGlobalSection
EndGlobal
