
Microsoft Visual Studio Solution File, Format Version 12.00
# Visual Studio Version 16
VisualStudioVersion = 16.0.31105.61
MinimumVisualStudioVersion = 10.0.40219.1
Project("{FAE04EC0-301F-11D3-BF4B-00C04F79EFBC}") = "WebApplication4", "WebApplication4\WebApplication4.csproj", "{F37FA01D-2013-483D-B85B-EA7C2B6EF75E}"
EndProject
Global
	GlobalSection(SolutionConfigurationPlatforms) = preSolution
		Debug|Any CPU = Debug|Any CPU
		Release|Any CPU = Release|Any CPU
	EndGlobalSection
	GlobalSection(ProjectConfigurationPlatforms) = postSolution
		{F37FA01D-2013-483D-B85B-EA7C2B6EF75E}.Debug|Any CPU.ActiveCfg = Debug|Any CPU
		{F37FA01D-2013-483D-B85B-EA7C2B6EF75E}.Debug|Any CPU.Build.0 = Debug|Any CPU
		{F37FA01D-2013-483D-B85B-EA7C2B6EF75E}.Release|Any CPU.ActiveCfg = Release|Any CPU
		{F37FA01D-2013-483D-B85B-EA7C2B6EF75E}.Release|Any CPU.Build.0 = Release|Any CPU
	EndGlobalSection
	GlobalSection(SolutionProperties) = preSolution
		HideSolutionNode = FALSE
	EndGlobalSection
	GlobalSection(ExtensibilityGlobals) = postSolution
		SolutionGuid = {696348F9-9FAE-4DF7-9D06-69BDBF5B972B}
	EndGlobalSection
EndGlobal
