
Microsoft Visual Studio Solution File, Format Version 12.00
# Visual Studio Version 16
VisualStudioVersion = 16.0.31019.35
MinimumVisualStudioVersion = 10.0.40219.1
Project("{FAE04EC0-301F-11D3-BF4B-00C04F79EFBC}") = "LamdaSubmission", "LamdaSubmission\LamdaSubmission.csproj", "{207C428D-9550-4BFB-917A-FD68FC4B1FCD}"
EndProject
Global
	GlobalSection(SolutionConfigurationPlatforms) = preSolution
		Debug|Any CPU = Debug|Any CPU
		Release|Any CPU = Release|Any CPU
	EndGlobalSection
	GlobalSection(ProjectConfigurationPlatforms) = postSolution
		{207C428D-9550-4BFB-917A-FD68FC4B1FCD}.Debug|Any CPU.ActiveCfg = Debug|Any CPU
		{207C428D-9550-4BFB-917A-FD68FC4B1FCD}.Debug|Any CPU.Build.0 = Debug|Any CPU
		{207C428D-9550-4BFB-917A-FD68FC4B1FCD}.Release|Any CPU.ActiveCfg = Release|Any CPU
		{207C428D-9550-4BFB-917A-FD68FC4B1FCD}.Release|Any CPU.Build.0 = Release|Any CPU
	EndGlobalSection
	GlobalSection(SolutionProperties) = preSolution
		HideSolutionNode = FALSE
	EndGlobalSection
	GlobalSection(ExtensibilityGlobals) = postSolution
		SolutionGuid = {EEB9D53D-3FC7-4E64-AD64-123B77B5D26E}
	EndGlobalSection
EndGlobal
