
Microsoft Visual Studio Solution File, Format Version 12.00
# Visual Studio Version 16
VisualStudioVersion = 16.0.31019.35
MinimumVisualStudioVersion = 10.0.40219.1
Project("{FAE04EC0-301F-11D3-BF4B-00C04F79EFBC}") = "MethodsOnMath", "MethodsOnMath\MethodsOnMath.csproj", "{F868D265-E91C-4130-B0A8-EC1473659668}"
EndProject
Global
	GlobalSection(SolutionConfigurationPlatforms) = preSolution
		Debug|Any CPU = Debug|Any CPU
		Release|Any CPU = Release|Any CPU
	EndGlobalSection
	GlobalSection(ProjectConfigurationPlatforms) = postSolution
		{F868D265-E91C-4130-B0A8-EC1473659668}.Debug|Any CPU.ActiveCfg = Debug|Any CPU
		{F868D265-E91C-4130-B0A8-EC1473659668}.Debug|Any CPU.Build.0 = Debug|Any CPU
		{F868D265-E91C-4130-B0A8-EC1473659668}.Release|Any CPU.ActiveCfg = Release|Any CPU
		{F868D265-E91C-4130-B0A8-EC1473659668}.Release|Any CPU.Build.0 = Release|Any CPU
	EndGlobalSection
	GlobalSection(SolutionProperties) = preSolution
		HideSolutionNode = FALSE
	EndGlobalSection
	GlobalSection(ExtensibilityGlobals) = postSolution
		SolutionGuid = {1E47045A-1584-4F62-91E7-9C61DD3EAE39}
	EndGlobalSection
EndGlobal
