
Microsoft Visual Studio Solution File, Format Version 12.00
# Visual Studio Version 16
VisualStudioVersion = 16.0.31005.135
MinimumVisualStudioVersion = 10.0.40219.1
Project("{FAE04EC0-301F-11D3-BF4B-00C04F79EFBC}") = "MultipleStrings", "MultipleStrings\MultipleStrings.csproj", "{9DB051DE-AF10-4582-8A5B-F0518A709128}"
EndProject
Global
	GlobalSection(SolutionConfigurationPlatforms) = preSolution
		Debug|Any CPU = Debug|Any CPU
		Release|Any CPU = Release|Any CPU
	EndGlobalSection
	GlobalSection(ProjectConfigurationPlatforms) = postSolution
		{9DB051DE-AF10-4582-8A5B-F0518A709128}.Debug|Any CPU.ActiveCfg = Debug|Any CPU
		{9DB051DE-AF10-4582-8A5B-F0518A709128}.Debug|Any CPU.Build.0 = Debug|Any CPU
		{9DB051DE-AF10-4582-8A5B-F0518A709128}.Release|Any CPU.ActiveCfg = Release|Any CPU
		{9DB051DE-AF10-4582-8A5B-F0518A709128}.Release|Any CPU.Build.0 = Release|Any CPU
	EndGlobalSection
	GlobalSection(SolutionProperties) = preSolution
		HideSolutionNode = FALSE
	EndGlobalSection
	GlobalSection(ExtensibilityGlobals) = postSolution
		SolutionGuid = {E9128372-B660-47DA-AE7B-2708046F851D}
	EndGlobalSection
EndGlobal
